
Microsoft Visual Studio Solution File, Format Version 12.00
# Visual Studio 15
VisualStudioVersion = 15.0.27130.2010
MinimumVisualStudioVersion = 10.0.40219.1
Project("{FAE04EC0-301F-11D3-BF4B-00C04F79EFBC}") = "Converter.Android", "Converter\Converter.Android\Converter.Android.csproj", "{A3128001-C31B-4741-B496-5B48FFDC0645}"
EndProject
Project("{FAE04EC0-301F-11D3-BF4B-00C04F79EFBC}") = "Converter.iOS", "Converter\Converter.iOS\Converter.iOS.csproj", "{A09BB0E3-7C97-499C-85E5-86AB13BEE6D5}"
EndProject
Project("{FAE04EC0-301F-11D3-BF4B-00C04F79EFBC}") = "Converter.UWP", "Converter\Converter.UWP\Converter.UWP.csproj", "{01195790-4C3D-4539-893F-7D4B63CD3217}"
EndProject
Project("{D954291E-2A0B-460D-934E-DC6B0785DB48}") = "Converter", "Converter\Converter\Converter.shproj", "{FD51C3C4-CE56-4087-9212-5045EA055990}"
EndProject
Global
	GlobalSection(SharedMSBuildProjectFiles) = preSolution
		Converter\Converter\Converter.projitems*{01195790-4c3d-4539-893f-7d4b63cd3217}*SharedItemsImports = 4
		Converter\Converter\Converter.projitems*{a09bb0e3-7c97-499c-85e5-86ab13bee6d5}*SharedItemsImports = 4
		Converter\Converter\Converter.projitems*{a3128001-c31b-4741-b496-5b48ffdc0645}*SharedItemsImports = 4
		Converter\Converter\Converter.projitems*{fd51c3c4-ce56-4087-9212-5045ea055990}*SharedItemsImports = 13
	EndGlobalSection
	GlobalSection(SolutionConfigurationPlatforms) = preSolution
		Ad-Hoc|Any CPU = Ad-Hoc|Any CPU
		Ad-Hoc|ARM = Ad-Hoc|ARM
		Ad-Hoc|iPhone = Ad-Hoc|iPhone
		Ad-Hoc|iPhoneSimulator = Ad-Hoc|iPhoneSimulator
		Ad-Hoc|x64 = Ad-Hoc|x64
		Ad-Hoc|x86 = Ad-Hoc|x86
		AppStore|Any CPU = AppStore|Any CPU
		AppStore|ARM = AppStore|ARM
		AppStore|iPhone = AppStore|iPhone
		AppStore|iPhoneSimulator = AppStore|iPhoneSimulator
		AppStore|x64 = AppStore|x64
		AppStore|x86 = AppStore|x86
		Debug|Any CPU = Debug|Any CPU
		Debug|ARM = Debug|ARM
		Debug|iPhone = Debug|iPhone
		Debug|iPhoneSimulator = Debug|iPhoneSimulator
		Debug|x64 = Debug|x64
		Debug|x86 = Debug|x86
		Release|Any CPU = Release|Any CPU
		Release|ARM = Release|ARM
		Release|iPhone = Release|iPhone
		Release|iPhoneSimulator = Release|iPhoneSimulator
		Release|x64 = Release|x64
		Release|x86 = Release|x86
	EndGlobalSection
	GlobalSection(ProjectConfigurationPlatforms) = postSolution
		{A3128001-C31B-4741-B496-5B48FFDC0645}.Ad-Hoc|Any CPU.ActiveCfg = Release|Any CPU
		{A3128001-C31B-4741-B496-5B48FFDC0645}.Ad-Hoc|Any CPU.Build.0 = Release|Any CPU
		{A3128001-C31B-4741-B496-5B48FFDC0645}.Ad-Hoc|Any CPU.Deploy.0 = Release|Any CPU
		{A3128001-C31B-4741-B496-5B48FFDC0645}.Ad-Hoc|ARM.ActiveCfg = Release|Any CPU
		{A3128001-C31B-4741-B496-5B48FFDC0645}.Ad-Hoc|ARM.Build.0 = Release|Any CPU
		{A3128001-C31B-4741-B496-5B48FFDC0645}.Ad-Hoc|ARM.Deploy.0 = Release|Any CPU
		{A3128001-C31B-4741-B496-5B48FFDC0645}.Ad-Hoc|iPhone.ActiveCfg = Release|Any CPU
		{A3128001-C31B-4741-B496-5B48FFDC0645}.Ad-Hoc|iPhone.Build.0 = Release|Any CPU
		{A3128001-C31B-4741-B496-5B48FFDC0645}.Ad-Hoc|iPhone.Deploy.0 = Release|Any CPU
		{A3128001-C31B-4741-B496-5B48FFDC0645}.Ad-Hoc|iPhoneSimulator.ActiveCfg = Release|Any CPU
		{A3128001-C31B-4741-B496-5B48FFDC0645}.Ad-Hoc|iPhoneSimulator.Build.0 = Release|Any CPU
		{A3128001-C31B-4741-B496-5B48FFDC0645}.Ad-Hoc|iPhoneSimulator.Deploy.0 = Release|Any CPU
		{A3128001-C31B-4741-B496-5B48FFDC0645}.Ad-Hoc|x64.ActiveCfg = Release|Any CPU
		{A3128001-C31B-4741-B496-5B48FFDC0645}.Ad-Hoc|x64.Build.0 = Release|Any CPU
		{A3128001-C31B-4741-B496-5B48FFDC0645}.Ad-Hoc|x64.Deploy.0 = Release|Any CPU
		{A3128001-C31B-4741-B496-5B48FFDC0645}.Ad-Hoc|x86.ActiveCfg = Release|Any CPU
		{A3128001-C31B-4741-B496-5B48FFDC0645}.Ad-Hoc|x86.Build.0 = Release|Any CPU
		{A3128001-C31B-4741-B496-5B48FFDC0645}.Ad-Hoc|x86.Deploy.0 = Release|Any CPU
		{A3128001-C31B-4741-B496-5B48FFDC0645}.AppStore|Any CPU.ActiveCfg = Release|Any CPU
		{A3128001-C31B-4741-B496-5B48FFDC0645}.AppStore|Any CPU.Build.0 = Release|Any CPU
		{A3128001-C31B-4741-B496-5B48FFDC0645}.AppStore|Any CPU.Deploy.0 = Release|Any CPU
		{A3128001-C31B-4741-B496-5B48FFDC0645}.AppStore|ARM.ActiveCfg = Release|Any CPU
		{A3128001-C31B-4741-B496-5B48FFDC0645}.AppStore|ARM.Build.0 = Release|Any CPU
		{A3128001-C31B-4741-B496-5B48FFDC0645}.AppStore|ARM.Deploy.0 = Release|Any CPU
		{A3128001-C31B-4741-B496-5B48FFDC0645}.AppStore|iPhone.ActiveCfg = Release|Any CPU
		{A3128001-C31B-4741-B496-5B48FFDC0645}.AppStore|iPhone.Build.0 = Release|Any CPU
		{A3128001-C31B-4741-B496-5B48FFDC0645}.AppStore|iPhone.Deploy.0 = Release|Any CPU
		{A3128001-C31B-4741-B496-5B48FFDC0645}.AppStore|iPhoneSimulator.ActiveCfg = Release|Any CPU
		{A3128001-C31B-4741-B496-5B48FFDC0645}.AppStore|iPhoneSimulator.Build.0 = Release|Any CPU
		{A3128001-C31B-4741-B496-5B48FFDC0645}.AppStore|iPhoneSimulator.Deploy.0 = Release|Any CPU
		{A3128001-C31B-4741-B496-5B48FFDC0645}.AppStore|x64.ActiveCfg = Release|Any CPU
		{A3128001-C31B-4741-B496-5B48FFDC0645}.AppStore|x64.Build.0 = Release|Any CPU
		{A3128001-C31B-4741-B496-5B48FFDC0645}.AppStore|x64.Deploy.0 = Release|Any CPU
		{A3128001-C31B-4741-B496-5B48FFDC0645}.AppStore|x86.ActiveCfg = Release|Any CPU
		{A3128001-C31B-4741-B496-5B48FFDC0645}.AppStore|x86.Build.0 = Release|Any CPU
		{A3128001-C31B-4741-B496-5B48FFDC0645}.AppStore|x86.Deploy.0 = Release|Any CPU
		{A3128001-C31B-4741-B496-5B48FFDC0645}.Debug|Any CPU.ActiveCfg = Debug|Any CPU
		{A3128001-C31B-4741-B496-5B48FFDC0645}.Debug|Any CPU.Build.0 = Debug|Any CPU
		{A3128001-C31B-4741-B496-5B48FFDC0645}.Debug|Any CPU.Deploy.0 = Debug|Any CPU
		{A3128001-C31B-4741-B496-5B48FFDC0645}.Debug|ARM.ActiveCfg = Debug|Any CPU
		{A3128001-C31B-4741-B496-5B48FFDC0645}.Debug|ARM.Build.0 = Debug|Any CPU
		{A3128001-C31B-4741-B496-5B48FFDC0645}.Debug|ARM.Deploy.0 = Debug|Any CPU
		{A3128001-C31B-4741-B496-5B48FFDC0645}.Debug|iPhone.ActiveCfg = Debug|Any CPU
		{A3128001-C31B-4741-B496-5B48FFDC0645}.Debug|iPhone.Build.0 = Debug|Any CPU
		{A3128001-C31B-4741-B496-5B48FFDC0645}.Debug|iPhone.Deploy.0 = Debug|Any CPU
		{A3128001-C31B-4741-B496-5B48FFDC0645}.Debug|iPhoneSimulator.ActiveCfg = Debug|Any CPU
		{A3128001-C31B-4741-B496-5B48FFDC0645}.Debug|iPhoneSimulator.Build.0 = Debug|Any CPU
		{A3128001-C31B-4741-B496-5B48FFDC0645}.Debug|iPhoneSimulator.Deploy.0 = Debug|Any CPU
		{A3128001-C31B-4741-B496-5B48FFDC0645}.Debug|x64.ActiveCfg = Debug|Any CPU
		{A3128001-C31B-4741-B496-5B48FFDC0645}.Debug|x64.Build.0 = Debug|Any CPU
		{A3128001-C31B-4741-B496-5B48FFDC0645}.Debug|x64.Deploy.0 = Debug|Any CPU
		{A3128001-C31B-4741-B496-5B48FFDC0645}.Debug|x86.ActiveCfg = Debug|Any CPU
		{A3128001-C31B-4741-B496-5B48FFDC0645}.Debug|x86.Build.0 = Debug|Any CPU
		{A3128001-C31B-4741-B496-5B48FFDC0645}.Debug|x86.Deploy.0 = Debug|Any CPU
		{A3128001-C31B-4741-B496-5B48FFDC0645}.Release|Any CPU.ActiveCfg = Release|Any CPU
		{A3128001-C31B-4741-B496-5B48FFDC0645}.Release|Any CPU.Build.0 = Release|Any CPU
		{A3128001-C31B-4741-B496-5B48FFDC0645}.Release|Any CPU.Deploy.0 = Release|Any CPU
		{A3128001-C31B-4741-B496-5B48FFDC0645}.Release|ARM.ActiveCfg = Release|Any CPU
		{A3128001-C31B-4741-B496-5B48FFDC0645}.Release|ARM.Build.0 = Release|Any CPU
		{A3128001-C31B-4741-B496-5B48FFDC0645}.Release|ARM.Deploy.0 = Release|Any CPU
		{A3128001-C31B-4741-B496-5B48FFDC0645}.Release|iPhone.ActiveCfg = Release|Any CPU
		{A3128001-C31B-4741-B496-5B48FFDC0645}.Release|iPhone.Build.0 = Release|Any CPU
		{A3128001-C31B-4741-B496-5B48FFDC0645}.Release|iPhone.Deploy.0 = Release|Any CPU
		{A3128001-C31B-4741-B496-5B48FFDC0645}.Release|iPhoneSimulator.ActiveCfg = Release|Any CPU
		{A3128001-C31B-4741-B496-5B48FFDC0645}.Release|iPhoneSimulator.Build.0 = Release|Any CPU
		{A3128001-C31B-4741-B496-5B48FFDC0645}.Release|iPhoneSimulator.Deploy.0 = Release|Any CPU
		{A3128001-C31B-4741-B496-5B48FFDC0645}.Release|x64.ActiveCfg = Release|Any CPU
		{A3128001-C31B-4741-B496-5B48FFDC0645}.Release|x64.Build.0 = Release|Any CPU
		{A3128001-C31B-4741-B496-5B48FFDC0645}.Release|x64.Deploy.0 = Release|Any CPU
		{A3128001-C31B-4741-B496-5B48FFDC0645}.Release|x86.ActiveCfg = Release|Any CPU
		{A3128001-C31B-4741-B496-5B48FFDC0645}.Release|x86.Build.0 = Release|Any CPU
		{A3128001-C31B-4741-B496-5B48FFDC0645}.Release|x86.Deploy.0 = Release|Any CPU
		{A09BB0E3-7C97-499C-85E5-86AB13BEE6D5}.Ad-Hoc|Any CPU.ActiveCfg = Ad-Hoc|iPhone
		{A09BB0E3-7C97-499C-85E5-86AB13BEE6D5}.Ad-Hoc|ARM.ActiveCfg = Ad-Hoc|iPhone
		{A09BB0E3-7C97-499C-85E5-86AB13BEE6D5}.Ad-Hoc|iPhone.ActiveCfg = Ad-Hoc|iPhone
		{A09BB0E3-7C97-499C-85E5-86AB13BEE6D5}.Ad-Hoc|iPhone.Build.0 = Ad-Hoc|iPhone
		{A09BB0E3-7C97-499C-85E5-86AB13BEE6D5}.Ad-Hoc|iPhoneSimulator.ActiveCfg = Ad-Hoc|iPhoneSimulator
		{A09BB0E3-7C97-499C-85E5-86AB13BEE6D5}.Ad-Hoc|iPhoneSimulator.Build.0 = Ad-Hoc|iPhoneSimulator
		{A09BB0E3-7C97-499C-85E5-86AB13BEE6D5}.Ad-Hoc|x64.ActiveCfg = Ad-Hoc|iPhone
		{A09BB0E3-7C97-499C-85E5-86AB13BEE6D5}.Ad-Hoc|x86.ActiveCfg = Ad-Hoc|iPhone
		{A09BB0E3-7C97-499C-85E5-86AB13BEE6D5}.AppStore|Any CPU.ActiveCfg = AppStore|iPhone
		{A09BB0E3-7C97-499C-85E5-86AB13BEE6D5}.AppStore|ARM.ActiveCfg = AppStore|iPhone
		{A09BB0E3-7C97-499C-85E5-86AB13BEE6D5}.AppStore|iPhone.ActiveCfg = AppStore|iPhone
		{A09BB0E3-7C97-499C-85E5-86AB13BEE6D5}.AppStore|iPhone.Build.0 = AppStore|iPhone
		{A09BB0E3-7C97-499C-85E5-86AB13BEE6D5}.AppStore|iPhoneSimulator.ActiveCfg = AppStore|iPhoneSimulator
		{A09BB0E3-7C97-499C-85E5-86AB13BEE6D5}.AppStore|iPhoneSimulator.Build.0 = AppStore|iPhoneSimulator
		{A09BB0E3-7C97-499C-85E5-86AB13BEE6D5}.AppStore|x64.ActiveCfg = AppStore|iPhone
		{A09BB0E3-7C97-499C-85E5-86AB13BEE6D5}.AppStore|x86.ActiveCfg = AppStore|iPhone
		{A09BB0E3-7C97-499C-85E5-86AB13BEE6D5}.Debug|Any CPU.ActiveCfg = Debug|iPhone
		{A09BB0E3-7C97-499C-85E5-86AB13BEE6D5}.Debug|ARM.ActiveCfg = Debug|iPhone
		{A09BB0E3-7C97-499C-85E5-86AB13BEE6D5}.Debug|iPhone.ActiveCfg = Debug|iPhone
		{A09BB0E3-7C97-499C-85E5-86AB13BEE6D5}.Debug|iPhone.Build.0 = Debug|iPhone
		{A09BB0E3-7C97-499C-85E5-86AB13BEE6D5}.Debug|iPhoneSimulator.ActiveCfg = Debug|iPhoneSimulator
		{A09BB0E3-7C97-499C-85E5-86AB13BEE6D5}.Debug|iPhoneSimulator.Build.0 = Debug|iPhoneSimulator
		{A09BB0E3-7C97-499C-85E5-86AB13BEE6D5}.Debug|x64.ActiveCfg = Debug|iPhone
		{A09BB0E3-7C97-499C-85E5-86AB13BEE6D5}.Debug|x86.ActiveCfg = Debug|iPhone
		{A09BB0E3-7C97-499C-85E5-86AB13BEE6D5}.Release|Any CPU.ActiveCfg = Release|iPhone
		{A09BB0E3-7C97-499C-85E5-86AB13BEE6D5}.Release|ARM.ActiveCfg = Release|iPhone
		{A09BB0E3-7C97-499C-85E5-86AB13BEE6D5}.Release|iPhone.ActiveCfg = Release|iPhone
		{A09BB0E3-7C97-499C-85E5-86AB13BEE6D5}.Release|iPhone.Build.0 = Release|iPhone
		{A09BB0E3-7C97-499C-85E5-86AB13BEE6D5}.Release|iPhoneSimulator.ActiveCfg = Release|iPhoneSimulator
		{A09BB0E3-7C97-499C-85E5-86AB13BEE6D5}.Release|iPhoneSimulator.Build.0 = Release|iPhoneSimulator
		{A09BB0E3-7C97-499C-85E5-86AB13BEE6D5}.Release|x64.ActiveCfg = Release|iPhone
		{A09BB0E3-7C97-499C-85E5-86AB13BEE6D5}.Release|x86.ActiveCfg = Release|iPhone
		{01195790-4C3D-4539-893F-7D4B63CD3217}.Ad-Hoc|Any CPU.ActiveCfg = Release|x86
		{01195790-4C3D-4539-893F-7D4B63CD3217}.Ad-Hoc|Any CPU.Build.0 = Release|x86
		{01195790-4C3D-4539-893F-7D4B63CD3217}.Ad-Hoc|Any CPU.Deploy.0 = Release|x86
		{01195790-4C3D-4539-893F-7D4B63CD3217}.Ad-Hoc|ARM.ActiveCfg = Release|ARM
		{01195790-4C3D-4539-893F-7D4B63CD3217}.Ad-Hoc|ARM.Build.0 = Release|ARM
		{01195790-4C3D-4539-893F-7D4B63CD3217}.Ad-Hoc|ARM.Deploy.0 = Release|ARM
		{01195790-4C3D-4539-893F-7D4B63CD3217}.Ad-Hoc|iPhone.ActiveCfg = Release|x86
		{01195790-4C3D-4539-893F-7D4B63CD3217}.Ad-Hoc|iPhone.Build.0 = Release|x86
		{01195790-4C3D-4539-893F-7D4B63CD3217}.Ad-Hoc|iPhone.Deploy.0 = Release|x86
		{01195790-4C3D-4539-893F-7D4B63CD3217}.Ad-Hoc|iPhoneSimulator.ActiveCfg = Release|x86
		{01195790-4C3D-4539-893F-7D4B63CD3217}.Ad-Hoc|iPhoneSimulator.Build.0 = Release|x86
		{01195790-4C3D-4539-893F-7D4B63CD3217}.Ad-Hoc|iPhoneSimulator.Deploy.0 = Release|x86
		{01195790-4C3D-4539-893F-7D4B63CD3217}.Ad-Hoc|x64.ActiveCfg = Release|x64
		{01195790-4C3D-4539-893F-7D4B63CD3217}.Ad-Hoc|x64.Build.0 = Release|x64
		{01195790-4C3D-4539-893F-7D4B63CD3217}.Ad-Hoc|x64.Deploy.0 = Release|x64
		{01195790-4C3D-4539-893F-7D4B63CD3217}.Ad-Hoc|x86.ActiveCfg = Release|x86
		{01195790-4C3D-4539-893F-7D4B63CD3217}.Ad-Hoc|x86.Build.0 = Release|x86
		{01195790-4C3D-4539-893F-7D4B63CD3217}.Ad-Hoc|x86.Deploy.0 = Release|x86
		{01195790-4C3D-4539-893F-7D4B63CD3217}.AppStore|Any CPU.ActiveCfg = Release|x86
		{01195790-4C3D-4539-893F-7D4B63CD3217}.AppStore|Any CPU.Build.0 = Release|x86
		{01195790-4C3D-4539-893F-7D4B63CD3217}.AppStore|Any CPU.Deploy.0 = Release|x86
		{01195790-4C3D-4539-893F-7D4B63CD3217}.AppStore|ARM.ActiveCfg = Release|ARM
		{01195790-4C3D-4539-893F-7D4B63CD3217}.AppStore|ARM.Build.0 = Release|ARM
		{01195790-4C3D-4539-893F-7D4B63CD3217}.AppStore|ARM.Deploy.0 = Release|ARM
		{01195790-4C3D-4539-893F-7D4B63CD3217}.AppStore|iPhone.ActiveCfg = Release|x86
		{01195790-4C3D-4539-893F-7D4B63CD3217}.AppStore|iPhone.Build.0 = Release|x86
		{01195790-4C3D-4539-893F-7D4B63CD3217}.AppStore|iPhone.Deploy.0 = Release|x86
		{01195790-4C3D-4539-893F-7D4B63CD3217}.AppStore|iPhoneSimulator.ActiveCfg = Release|x86
		{01195790-4C3D-4539-893F-7D4B63CD3217}.AppStore|iPhoneSimulator.Build.0 = Release|x86
		{01195790-4C3D-4539-893F-7D4B63CD3217}.AppStore|iPhoneSimulator.Deploy.0 = Release|x86
		{01195790-4C3D-4539-893F-7D4B63CD3217}.AppStore|x64.ActiveCfg = Release|x64
		{01195790-4C3D-4539-893F-7D4B63CD3217}.AppStore|x64.Build.0 = Release|x64
		{01195790-4C3D-4539-893F-7D4B63CD3217}.AppStore|x64.Deploy.0 = Release|x64
		{01195790-4C3D-4539-893F-7D4B63CD3217}.AppStore|x86.ActiveCfg = Release|x86
		{01195790-4C3D-4539-893F-7D4B63CD3217}.AppStore|x86.Build.0 = Release|x86
		{01195790-4C3D-4539-893F-7D4B63CD3217}.AppStore|x86.Deploy.0 = Release|x86
		{01195790-4C3D-4539-893F-7D4B63CD3217}.Debug|Any CPU.ActiveCfg = Debug|x86
		{01195790-4C3D-4539-893F-7D4B63CD3217}.Debug|ARM.ActiveCfg = Debug|ARM
		{01195790-4C3D-4539-893F-7D4B63CD3217}.Debug|ARM.Build.0 = Debug|ARM
		{01195790-4C3D-4539-893F-7D4B63CD3217}.Debug|ARM.Deploy.0 = Debug|ARM
		{01195790-4C3D-4539-893F-7D4B63CD3217}.Debug|iPhone.ActiveCfg = Debug|x86
		{01195790-4C3D-4539-893F-7D4B63CD3217}.Debug|iPhoneSimulator.ActiveCfg = Debug|x86
		{01195790-4C3D-4539-893F-7D4B63CD3217}.Debug|x64.ActiveCfg = Debug|x64
		{01195790-4C3D-4539-893F-7D4B63CD3217}.Debug|x64.Build.0 = Debug|x64
		{01195790-4C3D-4539-893F-7D4B63CD3217}.Debug|x64.Deploy.0 = Debug|x64
		{01195790-4C3D-4539-893F-7D4B63CD3217}.Debug|x86.ActiveCfg = Debug|x86
		{01195790-4C3D-4539-893F-7D4B63CD3217}.Debug|x86.Build.0 = Debug|x86
		{01195790-4C3D-4539-893F-7D4B63CD3217}.Debug|x86.Deploy.0 = Debug|x86
		{01195790-4C3D-4539-893F-7D4B63CD3217}.Release|Any CPU.ActiveCfg = Release|x86
		{01195790-4C3D-4539-893F-7D4B63CD3217}.Release|ARM.ActiveCfg = Release|ARM
		{01195790-4C3D-4539-893F-7D4B63CD3217}.Release|ARM.Build.0 = Release|ARM
		{01195790-4C3D-4539-893F-7D4B63CD3217}.Release|ARM.Deploy.0 = Release|ARM
		{01195790-4C3D-4539-893F-7D4B63CD3217}.Release|iPhone.ActiveCfg = Release|x86
		{01195790-4C3D-4539-893F-7D4B63CD3217}.Release|iPhoneSimulator.ActiveCfg = Release|x86
		{01195790-4C3D-4539-893F-7D4B63CD3217}.Release|x64.ActiveCfg = Release|x64
		{01195790-4C3D-4539-893F-7D4B63CD3217}.Release|x64.Build.0 = Release|x64
		{01195790-4C3D-4539-893F-7D4B63CD3217}.Release|x64.Deploy.0 = Release|x64
		{01195790-4C3D-4539-893F-7D4B63CD3217}.Release|x86.ActiveCfg = Release|x86
		{01195790-4C3D-4539-893F-7D4B63CD3217}.Release|x86.Build.0 = Release|x86
		{01195790-4C3D-4539-893F-7D4B63CD3217}.Release|x86.Deploy.0 = Release|x86
	EndGlobalSection
	GlobalSection(SolutionProperties) = preSolution
		HideSolutionNode = FALSE
	EndGlobalSection
	GlobalSection(ExtensibilityGlobals) = postSolution
		SolutionGuid = {FB350318-7E30-48E8-AE47-426DC7A64F32}
	EndGlobalSection
EndGlobal
